// !$*UTF8*$!
{
	archiveVersion = 1;
	classes = {
	};
	objectVersion = 56;
	objects = {

/* Begin PBXBuildFile section */
		D21264B92A02B57800B1D078 /* HunterApp.swift in Sources */ = {isa = PBXBuildFile; fileRef = D21264B82A02B57800B1D078 /* HunterApp.swift */; };
		D21264BD2A02B57800B1D078 /* Assets.xcassets in Resources */ = {isa = PBXBuildFile; fileRef = D21264BC2A02B57800B1D078 /* Assets.xcassets */; };
		D21264C02A02B57800B1D078 /* Preview Assets.xcassets in Resources */ = {isa = PBXBuildFile; fileRef = D21264BF2A02B57800B1D078 /* Preview Assets.xcassets */; };
		D21264CA2A02B57900B1D078 /* HunterTests.swift in Sources */ = {isa = PBXBuildFile; fileRef = D21264C92A02B57900B1D078 /* HunterTests.swift */; };
		D21264D42A02B57900B1D078 /* HunterUITests.swift in Sources */ = {isa = PBXBuildFile; fileRef = D21264D32A02B57900B1D078 /* HunterUITests.swift */; };
		D21264D62A02B57900B1D078 /* HunterUITestsLaunchTests.swift in Sources */ = {isa = PBXBuildFile; fileRef = D21264D52A02B57900B1D078 /* HunterUITestsLaunchTests.swift */; };
		D21264E62A02B99C00B1D078 /* ButtonStyle.swift in Sources */ = {isa = PBXBuildFile; fileRef = D21264E52A02B99C00B1D078 /* ButtonStyle.swift */; };
		D21264E82A02BBDB00B1D078 /* CreateHuntView.swift in Sources */ = {isa = PBXBuildFile; fileRef = D21264E72A02BBDB00B1D078 /* CreateHuntView.swift */; };
		D21264EA2A02BCC600B1D078 /* HuntsListView.swift in Sources */ = {isa = PBXBuildFile; fileRef = D21264E92A02BCC600B1D078 /* HuntsListView.swift */; };
		D21264ED2A02CA5B00B1D078 /* HuntModel.swift in Sources */ = {isa = PBXBuildFile; fileRef = D21264EC2A02CA5B00B1D078 /* HuntModel.swift */; };
		D21264EF2A02CC2B00B1D078 /* HuntDetailView.swift in Sources */ = {isa = PBXBuildFile; fileRef = D21264EE2A02CC2B00B1D078 /* HuntDetailView.swift */; };
		D21264F12A02F73A00B1D078 /* CardView.swift in Sources */ = {isa = PBXBuildFile; fileRef = D21264F02A02F73A00B1D078 /* CardView.swift */; };
		D21264F32A0300A800B1D078 /* TrailingIconLabelStyle.swift in Sources */ = {isa = PBXBuildFile; fileRef = D21264F22A0300A800B1D078 /* TrailingIconLabelStyle.swift */; };
		D21264F72A03FD1C00B1D078 /* MapSettings.swift in Sources */ = {isa = PBXBuildFile; fileRef = D21264F62A03FD1C00B1D078 /* MapSettings.swift */; };
		D21264F92A03FD8400B1D078 /* MapView.swift in Sources */ = {isa = PBXBuildFile; fileRef = D21264F82A03FD8400B1D078 /* MapView.swift */; };
/* End PBXBuildFile section */

/* Begin PBXContainerItemProxy section */
		D21264C62A02B57900B1D078 /* PBXContainerItemProxy */ = {
			isa = PBXContainerItemProxy;
			containerPortal = D21264AD2A02B57800B1D078 /* Project object */;
			proxyType = 1;
			remoteGlobalIDString = D21264B42A02B57800B1D078;
			remoteInfo = Hunter;
		};
		D21264D02A02B57900B1D078 /* PBXContainerItemProxy */ = {
			isa = PBXContainerItemProxy;
			containerPortal = D21264AD2A02B57800B1D078 /* Project object */;
			proxyType = 1;
			remoteGlobalIDString = D21264B42A02B57800B1D078;
			remoteInfo = Hunter;
		};
/* End PBXContainerItemProxy section */

/* Begin PBXFileReference section */
		D21264B52A02B57800B1D078 /* Hunter.app */ = {isa = PBXFileReference; explicitFileType = wrapper.application; includeInIndex = 0; path = Hunter.app; sourceTree = BUILT_PRODUCTS_DIR; };
		D21264B82A02B57800B1D078 /* HunterApp.swift */ = {isa = PBXFileReference; lastKnownFileType = sourcecode.swift; path = HunterApp.swift; sourceTree = "<group>"; };
		D21264BC2A02B57800B1D078 /* Assets.xcassets */ = {isa = PBXFileReference; lastKnownFileType = folder.assetcatalog; path = Assets.xcassets; sourceTree = "<group>"; };
		D21264BF2A02B57800B1D078 /* Preview Assets.xcassets */ = {isa = PBXFileReference; lastKnownFileType = folder.assetcatalog; path = "Preview Assets.xcassets"; sourceTree = "<group>"; };
		D21264C52A02B57900B1D078 /* HunterTests.xctest */ = {isa = PBXFileReference; explicitFileType = wrapper.cfbundle; includeInIndex = 0; path = HunterTests.xctest; sourceTree = BUILT_PRODUCTS_DIR; };
		D21264C92A02B57900B1D078 /* HunterTests.swift */ = {isa = PBXFileReference; lastKnownFileType = sourcecode.swift; path = HunterTests.swift; sourceTree = "<group>"; };
		D21264CF2A02B57900B1D078 /* HunterUITests.xctest */ = {isa = PBXFileReference; explicitFileType = wrapper.cfbundle; includeInIndex = 0; path = HunterUITests.xctest; sourceTree = BUILT_PRODUCTS_DIR; };
		D21264D32A02B57900B1D078 /* HunterUITests.swift */ = {isa = PBXFileReference; lastKnownFileType = sourcecode.swift; path = HunterUITests.swift; sourceTree = "<group>"; };
		D21264D52A02B57900B1D078 /* HunterUITestsLaunchTests.swift */ = {isa = PBXFileReference; lastKnownFileType = sourcecode.swift; path = HunterUITestsLaunchTests.swift; sourceTree = "<group>"; };
		D21264E52A02B99C00B1D078 /* ButtonStyle.swift */ = {isa = PBXFileReference; lastKnownFileType = sourcecode.swift; path = ButtonStyle.swift; sourceTree = "<group>"; };
		D21264E72A02BBDB00B1D078 /* CreateHuntView.swift */ = {isa = PBXFileReference; lastKnownFileType = sourcecode.swift; path = CreateHuntView.swift; sourceTree = "<group>"; };
		D21264E92A02BCC600B1D078 /* HuntsListView.swift */ = {isa = PBXFileReference; lastKnownFileType = sourcecode.swift; path = HuntsListView.swift; sourceTree = "<group>"; };
		D21264EC2A02CA5B00B1D078 /* HuntModel.swift */ = {isa = PBXFileReference; lastKnownFileType = sourcecode.swift; path = HuntModel.swift; sourceTree = "<group>"; };
		D21264EE2A02CC2B00B1D078 /* HuntDetailView.swift */ = {isa = PBXFileReference; lastKnownFileType = sourcecode.swift; path = HuntDetailView.swift; sourceTree = "<group>"; };
		D21264F02A02F73A00B1D078 /* CardView.swift */ = {isa = PBXFileReference; lastKnownFileType = sourcecode.swift; path = CardView.swift; sourceTree = "<group>"; };
		D21264F22A0300A800B1D078 /* TrailingIconLabelStyle.swift */ = {isa = PBXFileReference; lastKnownFileType = sourcecode.swift; path = TrailingIconLabelStyle.swift; sourceTree = "<group>"; };
		D21264F62A03FD1C00B1D078 /* MapSettings.swift */ = {isa = PBXFileReference; lastKnownFileType = sourcecode.swift; path = MapSettings.swift; sourceTree = "<group>"; };
		D21264F82A03FD8400B1D078 /* MapView.swift */ = {isa = PBXFileReference; lastKnownFileType = sourcecode.swift; path = MapView.swift; sourceTree = "<group>"; };
/* End PBXFileReference section */

/* Begin PBXFrameworksBuildPhase section */
		D21264B22A02B57800B1D078 /* Frameworks */ = {
			isa = PBXFrameworksBuildPhase;
			buildActionMask = 2147483647;
			files = (
			);
			runOnlyForDeploymentPostprocessing = 0;
		};
		D21264C22A02B57900B1D078 /* Frameworks */ = {
			isa = PBXFrameworksBuildPhase;
			buildActionMask = 2147483647;
			files = (
			);
			runOnlyForDeploymentPostprocessing = 0;
		};
		D21264CC2A02B57900B1D078 /* Frameworks */ = {
			isa = PBXFrameworksBuildPhase;
			buildActionMask = 2147483647;
			files = (
			);
			runOnlyForDeploymentPostprocessing = 0;
		};
/* End PBXFrameworksBuildPhase section */

/* Begin PBXGroup section */
		D21264AC2A02B57800B1D078 = {
			isa = PBXGroup;
			children = (
				D21264B72A02B57800B1D078 /* Hunter */,
				D21264C82A02B57900B1D078 /* HunterTests */,
				D21264D22A02B57900B1D078 /* HunterUITests */,
				D21264B62A02B57800B1D078 /* Products */,
			);
			sourceTree = "<group>";
		};
		D21264B62A02B57800B1D078 /* Products */ = {
			isa = PBXGroup;
			children = (
				D21264B52A02B57800B1D078 /* Hunter.app */,
				D21264C52A02B57900B1D078 /* HunterTests.xctest */,
				D21264CF2A02B57900B1D078 /* HunterUITests.xctest */,
			);
			name = Products;
			sourceTree = "<group>";
		};
		D21264B72A02B57800B1D078 /* Hunter */ = {
			isa = PBXGroup;
			children = (
				D21264F52A03FD1200B1D078 /* Map */,
				D21264F42A03029100B1D078 /* Components */,
				D21264EB2A02CA5000B1D078 /* Models */,
				D21264E22A02B96E00B1D078 /* Theme */,
				D21264E72A02BBDB00B1D078 /* CreateHuntView.swift */,
				D21264EE2A02CC2B00B1D078 /* HuntDetailView.swift */,
				D21264E92A02BCC600B1D078 /* HuntsListView.swift */,
				D21264B82A02B57800B1D078 /* HunterApp.swift */,
				D21264BC2A02B57800B1D078 /* Assets.xcassets */,
				D21264BE2A02B57800B1D078 /* Preview Content */,
			);
			path = Hunter;
			sourceTree = "<group>";
		};
		D21264BE2A02B57800B1D078 /* Preview Content */ = {
			isa = PBXGroup;
			children = (
				D21264BF2A02B57800B1D078 /* Preview Assets.xcassets */,
			);
			path = "Preview Content";
			sourceTree = "<group>";
		};
		D21264C82A02B57900B1D078 /* HunterTests */ = {
			isa = PBXGroup;
			children = (
				D21264C92A02B57900B1D078 /* HunterTests.swift */,
			);
			path = HunterTests;
			sourceTree = "<group>";
		};
		D21264D22A02B57900B1D078 /* HunterUITests */ = {
			isa = PBXGroup;
			children = (
				D21264D32A02B57900B1D078 /* HunterUITests.swift */,
				D21264D52A02B57900B1D078 /* HunterUITestsLaunchTests.swift */,
			);
			path = HunterUITests;
			sourceTree = "<group>";
		};
		D21264E22A02B96E00B1D078 /* Theme */ = {
			isa = PBXGroup;
			children = (
				D21264E52A02B99C00B1D078 /* ButtonStyle.swift */,
			);
			path = Theme;
			sourceTree = "<group>";
		};
		D21264EB2A02CA5000B1D078 /* Models */ = {
			isa = PBXGroup;
			children = (
				D21264EC2A02CA5B00B1D078 /* HuntModel.swift */,
			);
			path = Models;
			sourceTree = "<group>";
		};
		D21264F42A03029100B1D078 /* Components */ = {
			isa = PBXGroup;
			children = (
				D21264F22A0300A800B1D078 /* TrailingIconLabelStyle.swift */,
				D21264F02A02F73A00B1D078 /* CardView.swift */,
			);
			path = Components;
			sourceTree = "<group>";
		};
		D21264F52A03FD1200B1D078 /* Map */ = {
			isa = PBXGroup;
			children = (
				D21264F62A03FD1C00B1D078 /* MapSettings.swift */,
				D21264F82A03FD8400B1D078 /* MapView.swift */,
			);
			path = Map;
			sourceTree = "<group>";
		};
/* End PBXGroup section */

/* Begin PBXNativeTarget section */
		D21264B42A02B57800B1D078 /* Hunter */ = {
			isa = PBXNativeTarget;
			buildConfigurationList = D21264D92A02B57900B1D078 /* Build configuration list for PBXNativeTarget "Hunter" */;
			buildPhases = (
				D21264B12A02B57800B1D078 /* Sources */,
				D21264B22A02B57800B1D078 /* Frameworks */,
				D21264B32A02B57800B1D078 /* Resources */,
			);
			buildRules = (
			);
			dependencies = (
			);
			name = Hunter;
			productName = Hunter;
			productReference = D21264B52A02B57800B1D078 /* Hunter.app */;
			productType = "com.apple.product-type.application";
		};
		D21264C42A02B57900B1D078 /* HunterTests */ = {
			isa = PBXNativeTarget;
			buildConfigurationList = D21264DC2A02B57900B1D078 /* Build configuration list for PBXNativeTarget "HunterTests" */;
			buildPhases = (
				D21264C12A02B57900B1D078 /* Sources */,
				D21264C22A02B57900B1D078 /* Frameworks */,
				D21264C32A02B57900B1D078 /* Resources */,
			);
			buildRules = (
			);
			dependencies = (
				D21264C72A02B57900B1D078 /* PBXTargetDependency */,
			);
			name = HunterTests;
			productName = HunterTests;
			productReference = D21264C52A02B57900B1D078 /* HunterTests.xctest */;
			productType = "com.apple.product-type.bundle.unit-test";
		};
		D21264CE2A02B57900B1D078 /* HunterUITests */ = {
			isa = PBXNativeTarget;
			buildConfigurationList = D21264DF2A02B57900B1D078 /* Build configuration list for PBXNativeTarget "HunterUITests" */;
			buildPhases = (
				D21264CB2A02B57900B1D078 /* Sources */,
				D21264CC2A02B57900B1D078 /* Frameworks */,
				D21264CD2A02B57900B1D078 /* Resources */,
			);
			buildRules = (
			);
			dependencies = (
				D21264D12A02B57900B1D078 /* PBXTargetDependency */,
			);
			name = HunterUITests;
			productName = HunterUITests;
			productReference = D21264CF2A02B57900B1D078 /* HunterUITests.xctest */;
			productType = "com.apple.product-type.bundle.ui-testing";
		};
/* End PBXNativeTarget section */

/* Begin PBXProject section */
		D21264AD2A02B57800B1D078 /* Project object */ = {
			isa = PBXProject;
			attributes = {
				BuildIndependentTargetsInParallel = 1;
				LastSwiftUpdateCheck = 1430;
				LastUpgradeCheck = 1430;
				TargetAttributes = {
					D21264B42A02B57800B1D078 = {
						CreatedOnToolsVersion = 14.3;
					};
					D21264C42A02B57900B1D078 = {
						CreatedOnToolsVersion = 14.3;
						TestTargetID = D21264B42A02B57800B1D078;
					};
					D21264CE2A02B57900B1D078 = {
						CreatedOnToolsVersion = 14.3;
						TestTargetID = D21264B42A02B57800B1D078;
					};
				};
			};
			buildConfigurationList = D21264B02A02B57800B1D078 /* Build configuration list for PBXProject "Hunter" */;
			compatibilityVersion = "Xcode 14.0";
			developmentRegion = en;
			hasScannedForEncodings = 0;
			knownRegions = (
				en,
				Base,
			);
			mainGroup = D21264AC2A02B57800B1D078;
			productRefGroup = D21264B62A02B57800B1D078 /* Products */;
			projectDirPath = "";
			projectRoot = "";
			targets = (
				D21264B42A02B57800B1D078 /* Hunter */,
				D21264C42A02B57900B1D078 /* HunterTests */,
				D21264CE2A02B57900B1D078 /* HunterUITests */,
			);
		};
/* End PBXProject section */

/* Begin PBXResourcesBuildPhase section */
		D21264B32A02B57800B1D078 /* Resources */ = {
			isa = PBXResourcesBuildPhase;
			buildActionMask = 2147483647;
			files = (
				D21264C02A02B57800B1D078 /* Preview Assets.xcassets in Resources */,
				D21264BD2A02B57800B1D078 /* Assets.xcassets in Resources */,
			);
			runOnlyForDeploymentPostprocessing = 0;
		};
		D21264C32A02B57900B1D078 /* Resources */ = {
			isa = PBXResourcesBuildPhase;
			buildActionMask = 2147483647;
			files = (
			);
			runOnlyForDeploymentPostprocessing = 0;
		};
		D21264CD2A02B57900B1D078 /* Resources */ = {
			isa = PBXResourcesBuildPhase;
			buildActionMask = 2147483647;
			files = (
			);
			runOnlyForDeploymentPostprocessing = 0;
		};
/* End PBXResourcesBuildPhase section */

/* Begin PBXSourcesBuildPhase section */
		D21264B12A02B57800B1D078 /* Sources */ = {
			isa = PBXSourcesBuildPhase;
			buildActionMask = 2147483647;
			files = (
				D21264F12A02F73A00B1D078 /* CardView.swift in Sources */,
				D21264E62A02B99C00B1D078 /* ButtonStyle.swift in Sources */,
				D21264ED2A02CA5B00B1D078 /* HuntModel.swift in Sources */,
				D21264F72A03FD1C00B1D078 /* MapSettings.swift in Sources */,
				D21264F32A0300A800B1D078 /* TrailingIconLabelStyle.swift in Sources */,
				D21264E82A02BBDB00B1D078 /* CreateHuntView.swift in Sources */,
				D21264EA2A02BCC600B1D078 /* HuntsListView.swift in Sources */,
				D21264F92A03FD8400B1D078 /* MapView.swift in Sources */,
				D21264EF2A02CC2B00B1D078 /* HuntDetailView.swift in Sources */,
				D21264B92A02B57800B1D078 /* HunterApp.swift in Sources */,
			);
			runOnlyForDeploymentPostprocessing = 0;
		};
		D21264C12A02B57900B1D078 /* Sources */ = {
			isa = PBXSourcesBuildPhase;
			buildActionMask = 2147483647;
			files = (
				D21264CA2A02B57900B1D078 /* HunterTests.swift in Sources */,
			);
			runOnlyForDeploymentPostprocessing = 0;
		};
		D21264CB2A02B57900B1D078 /* Sources */ = {
			isa = PBXSourcesBuildPhase;
			buildActionMask = 2147483647;
			files = (
				D21264D62A02B57900B1D078 /* HunterUITestsLaunchTests.swift in Sources */,
				D21264D42A02B57900B1D078 /* HunterUITests.swift in Sources */,
			);
			runOnlyForDeploymentPostprocessing = 0;
		};
/* End PBXSourcesBuildPhase section */

/* Begin PBXTargetDependency section */
		D21264C72A02B57900B1D078 /* PBXTargetDependency */ = {
			isa = PBXTargetDependency;
			target = D21264B42A02B57800B1D078 /* Hunter */;
			targetProxy = D21264C62A02B57900B1D078 /* PBXContainerItemProxy */;
		};
		D21264D12A02B57900B1D078 /* PBXTargetDependency */ = {
			isa = PBXTargetDependency;
			target = D21264B42A02B57800B1D078 /* Hunter */;
			targetProxy = D21264D02A02B57900B1D078 /* PBXContainerItemProxy */;
		};
/* End PBXTargetDependency section */

/* Begin XCBuildConfiguration section */
		D21264D72A02B57900B1D078 /* Debug */ = {
			isa = XCBuildConfiguration;
			buildSettings = {
				ALWAYS_SEARCH_USER_PATHS = NO;
				CLANG_ANALYZER_NONNULL = YES;
				CLANG_ANALYZER_NUMBER_OBJECT_CONVERSION = YES_AGGRESSIVE;
				CLANG_CXX_LANGUAGE_STANDARD = "gnu++20";
				CLANG_ENABLE_MODULES = YES;
				CLANG_ENABLE_OBJC_ARC = YES;
				CLANG_ENABLE_OBJC_WEAK = YES;
				CLANG_WARN_BLOCK_CAPTURE_AUTORELEASING = YES;
				CLANG_WARN_BOOL_CONVERSION = YES;
				CLANG_WARN_COMMA = YES;
				CLANG_WARN_CONSTANT_CONVERSION = YES;
				CLANG_WARN_DEPRECATED_OBJC_IMPLEMENTATIONS = YES;
				CLANG_WARN_DIRECT_OBJC_ISA_USAGE = YES_ERROR;
				CLANG_WARN_DOCUMENTATION_COMMENTS = YES;
				CLANG_WARN_EMPTY_BODY = YES;
				CLANG_WARN_ENUM_CONVERSION = YES;
				CLANG_WARN_INFINITE_RECURSION = YES;
				CLANG_WARN_INT_CONVERSION = YES;
				CLANG_WARN_NON_LITERAL_NULL_CONVERSION = YES;
				CLANG_WARN_OBJC_IMPLICIT_RETAIN_SELF = YES;
				CLANG_WARN_OBJC_LITERAL_CONVERSION = YES;
				CLANG_WARN_OBJC_ROOT_CLASS = YES_ERROR;
				CLANG_WARN_QUOTED_INCLUDE_IN_FRAMEWORK_HEADER = YES;
				CLANG_WARN_RANGE_LOOP_ANALYSIS = YES;
				CLANG_WARN_STRICT_PROTOTYPES = YES;
				CLANG_WARN_SUSPICIOUS_MOVE = YES;
				CLANG_WARN_UNGUARDED_AVAILABILITY = YES_AGGRESSIVE;
				CLANG_WARN_UNREACHABLE_CODE = YES;
				CLANG_WARN__DUPLICATE_METHOD_MATCH = YES;
				COPY_PHASE_STRIP = NO;
				DEBUG_INFORMATION_FORMAT = dwarf;
				ENABLE_STRICT_OBJC_MSGSEND = YES;
				ENABLE_TESTABILITY = YES;
				GCC_C_LANGUAGE_STANDARD = gnu11;
				GCC_DYNAMIC_NO_PIC = NO;
				GCC_NO_COMMON_BLOCKS = YES;
				GCC_OPTIMIZATION_LEVEL = 0;
				GCC_PREPROCESSOR_DEFINITIONS = (
					"DEBUG=1",
					"$(inherited)",
				);
				GCC_WARN_64_TO_32_BIT_CONVERSION = YES;
				GCC_WARN_ABOUT_RETURN_TYPE = YES_ERROR;
				GCC_WARN_UNDECLARED_SELECTOR = YES;
				GCC_WARN_UNINITIALIZED_AUTOS = YES_AGGRESSIVE;
				GCC_WARN_UNUSED_FUNCTION = YES;
				GCC_WARN_UNUSED_VARIABLE = YES;
				IPHONEOS_DEPLOYMENT_TARGET = 16.4;
				MTL_ENABLE_DEBUG_INFO = INCLUDE_SOURCE;
				MTL_FAST_MATH = YES;
				ONLY_ACTIVE_ARCH = YES;
				SDKROOT = iphoneos;
				SWIFT_ACTIVE_COMPILATION_CONDITIONS = DEBUG;
				SWIFT_OPTIMIZATION_LEVEL = "-Onone";
			};
			name = Debug;
		};
		D21264D82A02B57900B1D078 /* Release */ = {
			isa = XCBuildConfiguration;
			buildSettings = {
				ALWAYS_SEARCH_USER_PATHS = NO;
				CLANG_ANALYZER_NONNULL = YES;
				CLANG_ANALYZER_NUMBER_OBJECT_CONVERSION = YES_AGGRESSIVE;
				CLANG_CXX_LANGUAGE_STANDARD = "gnu++20";
				CLANG_ENABLE_MODULES = YES;
				CLANG_ENABLE_OBJC_ARC = YES;
				CLANG_ENABLE_OBJC_WEAK = YES;
				CLANG_WARN_BLOCK_CAPTURE_AUTORELEASING = YES;
				CLANG_WARN_BOOL_CONVERSION = YES;
				CLANG_WARN_COMMA = YES;
				CLANG_WARN_CONSTANT_CONVERSION = YES;
				CLANG_WARN_DEPRECATED_OBJC_IMPLEMENTATIONS = YES;
				CLANG_WARN_DIRECT_OBJC_ISA_USAGE = YES_ERROR;
				CLANG_WARN_DOCUMENTATION_COMMENTS = YES;
				CLANG_WARN_EMPTY_BODY = YES;
				CLANG_WARN_ENUM_CONVERSION = YES;
				CLANG_WARN_INFINITE_RECURSION = YES;
				CLANG_WARN_INT_CONVERSION = YES;
				CLANG_WARN_NON_LITERAL_NULL_CONVERSION = YES;
				CLANG_WARN_OBJC_IMPLICIT_RETAIN_SELF = YES;
				CLANG_WARN_OBJC_LITERAL_CONVERSION = YES;
				CLANG_WARN_OBJC_ROOT_CLASS = YES_ERROR;
				CLANG_WARN_QUOTED_INCLUDE_IN_FRAMEWORK_HEADER = YES;
				CLANG_WARN_RANGE_LOOP_ANALYSIS = YES;
				CLANG_WARN_STRICT_PROTOTYPES = YES;
				CLANG_WARN_SUSPICIOUS_MOVE = YES;
				CLANG_WARN_UNGUARDED_AVAILABILITY = YES_AGGRESSIVE;
				CLANG_WARN_UNREACHABLE_CODE = YES;
				CLANG_WARN__DUPLICATE_METHOD_MATCH = YES;
				COPY_PHASE_STRIP = NO;
				DEBUG_INFORMATION_FORMAT = "dwarf-with-dsym";
				ENABLE_NS_ASSERTIONS = NO;
				ENABLE_STRICT_OBJC_MSGSEND = YES;
				GCC_C_LANGUAGE_STANDARD = gnu11;
				GCC_NO_COMMON_BLOCKS = YES;
				GCC_WARN_64_TO_32_BIT_CONVERSION = YES;
				GCC_WARN_ABOUT_RETURN_TYPE = YES_ERROR;
				GCC_WARN_UNDECLARED_SELECTOR = YES;
				GCC_WARN_UNINITIALIZED_AUTOS = YES_AGGRESSIVE;
				GCC_WARN_UNUSED_FUNCTION = YES;
				GCC_WARN_UNUSED_VARIABLE = YES;
				IPHONEOS_DEPLOYMENT_TARGET = 16.4;
				MTL_ENABLE_DEBUG_INFO = NO;
				MTL_FAST_MATH = YES;
				SDKROOT = iphoneos;
				SWIFT_COMPILATION_MODE = wholemodule;
				SWIFT_OPTIMIZATION_LEVEL = "-O";
				VALIDATE_PRODUCT = YES;
			};
			name = Release;
		};
		D21264DA2A02B57900B1D078 /* Debug */ = {
			isa = XCBuildConfiguration;
			buildSettings = {
				ASSETCATALOG_COMPILER_APPICON_NAME = AppIcon;
				ASSETCATALOG_COMPILER_GLOBAL_ACCENT_COLOR_NAME = AccentColor;
				CODE_SIGN_STYLE = Automatic;
				CURRENT_PROJECT_VERSION = 1;
				DEVELOPMENT_ASSET_PATHS = "\"Hunter/Preview Content\"";
				DEVELOPMENT_TEAM = 5MG7KSFU5Y;
				ENABLE_PREVIEWS = YES;
				GENERATE_INFOPLIST_FILE = YES;
				INFOPLIST_KEY_UIApplicationSceneManifest_Generation = YES;
				INFOPLIST_KEY_UIApplicationSupportsIndirectInputEvents = YES;
				INFOPLIST_KEY_UILaunchScreen_Generation = YES;
				INFOPLIST_KEY_UISupportedInterfaceOrientations_iPad = "UIInterfaceOrientationPortrait UIInterfaceOrientationPortraitUpsideDown UIInterfaceOrientationLandscapeLeft UIInterfaceOrientationLandscapeRight";
				INFOPLIST_KEY_UISupportedInterfaceOrientations_iPhone = "UIInterfaceOrientationPortrait UIInterfaceOrientationLandscapeLeft UIInterfaceOrientationLandscapeRight";
				LD_RUNPATH_SEARCH_PATHS = (
					"$(inherited)",
					"@executable_path/Frameworks",
				);
				MARKETING_VERSION = 1.0;
				PRODUCT_BUNDLE_IDENTIFIER = com.codejsoftware.Hunter;
				PRODUCT_NAME = "$(TARGET_NAME)";
				SWIFT_EMIT_LOC_STRINGS = YES;
				SWIFT_VERSION = 5.0;
				TARGETED_DEVICE_FAMILY = "1,2";
			};
			name = Debug;
		};
		D21264DB2A02B57900B1D078 /* Release */ = {
			isa = XCBuildConfiguration;
			buildSettings = {
				ASSETCATALOG_COMPILER_APPICON_NAME = AppIcon;
				ASSETCATALOG_COMPILER_GLOBAL_ACCENT_COLOR_NAME = AccentColor;
				CODE_SIGN_STYLE = Automatic;
				CURRENT_PROJECT_VERSION = 1;
				DEVELOPMENT_ASSET_PATHS = "\"Hunter/Preview Content\"";
				DEVELOPMENT_TEAM = 5MG7KSFU5Y;
				ENABLE_PREVIEWS = YES;
				GENERATE_INFOPLIST_FILE = YES;
				INFOPLIST_KEY_UIApplicationSceneManifest_Generation = YES;
				INFOPLIST_KEY_UIApplicationSupportsIndirectInputEvents = YES;
				INFOPLIST_KEY_UILaunchScreen_Generation = YES;
				INFOPLIST_KEY_UISupportedInterfaceOrientations_iPad = "UIInterfaceOrientationPortrait UIInterfaceOrientationPortraitUpsideDown UIInterfaceOrientationLandscapeLeft UIInterfaceOrientationLandscapeRight";
				INFOPLIST_KEY_UISupportedInterfaceOrientations_iPhone = "UIInterfaceOrientationPortrait UIInterfaceOrientationLandscapeLeft UIInterfaceOrientationLandscapeRight";
				LD_RUNPATH_SEARCH_PATHS = (
					"$(inherited)",
					"@executable_path/Frameworks",
				);
				MARKETING_VERSION = 1.0;
				PRODUCT_BUNDLE_IDENTIFIER = com.codejsoftware.Hunter;
				PRODUCT_NAME = "$(TARGET_NAME)";
				SWIFT_EMIT_LOC_STRINGS = YES;
				SWIFT_VERSION = 5.0;
				TARGETED_DEVICE_FAMILY = "1,2";
			};
			name = Release;
		};
		D21264DD2A02B57900B1D078 /* Debug */ = {
			isa = XCBuildConfiguration;
			buildSettings = {
				ALWAYS_EMBED_SWIFT_STANDARD_LIBRARIES = YES;
				BUNDLE_LOADER = "$(TEST_HOST)";
				CODE_SIGN_STYLE = Automatic;
				CURRENT_PROJECT_VERSION = 1;
				DEVELOPMENT_TEAM = 5MG7KSFU5Y;
				GENERATE_INFOPLIST_FILE = YES;
				IPHONEOS_DEPLOYMENT_TARGET = 16.4;
				MARKETING_VERSION = 1.0;
				PRODUCT_BUNDLE_IDENTIFIER = com.codejsoftware.HunterTests;
				PRODUCT_NAME = "$(TARGET_NAME)";
				SWIFT_EMIT_LOC_STRINGS = NO;
				SWIFT_VERSION = 5.0;
				TARGETED_DEVICE_FAMILY = "1,2";
				TEST_HOST = "$(BUILT_PRODUCTS_DIR)/Hunter.app/$(BUNDLE_EXECUTABLE_FOLDER_PATH)/Hunter";
			};
			name = Debug;
		};
		D21264DE2A02B57900B1D078 /* Release */ = {
			isa = XCBuildConfiguration;
			buildSettings = {
				ALWAYS_EMBED_SWIFT_STANDARD_LIBRARIES = YES;
				BUNDLE_LOADER = "$(TEST_HOST)";
				CODE_SIGN_STYLE = Automatic;
				CURRENT_PROJECT_VERSION = 1;
				DEVELOPMENT_TEAM = 5MG7KSFU5Y;
				GENERATE_INFOPLIST_FILE = YES;
				IPHONEOS_DEPLOYMENT_TARGET = 16.4;
				MARKETING_VERSION = 1.0;
				PRODUCT_BUNDLE_IDENTIFIER = com.codejsoftware.HunterTests;
				PRODUCT_NAME = "$(TARGET_NAME)";
				SWIFT_EMIT_LOC_STRINGS = NO;
				SWIFT_VERSION = 5.0;
				TARGETED_DEVICE_FAMILY = "1,2";
				TEST_HOST = "$(BUILT_PRODUCTS_DIR)/Hunter.app/$(BUNDLE_EXECUTABLE_FOLDER_PATH)/Hunter";
			};
			name = Release;
		};
		D21264E02A02B57900B1D078 /* Debug */ = {
			isa = XCBuildConfiguration;
			buildSettings = {
				ALWAYS_EMBED_SWIFT_STANDARD_LIBRARIES = YES;
				CODE_SIGN_STYLE = Automatic;
				CURRENT_PROJECT_VERSION = 1;
				DEVELOPMENT_TEAM = 5MG7KSFU5Y;
				GENERATE_INFOPLIST_FILE = YES;
				MARKETING_VERSION = 1.0;
				PRODUCT_BUNDLE_IDENTIFIER = com.codejsoftware.HunterUITests;
				PRODUCT_NAME = "$(TARGET_NAME)";
				SWIFT_EMIT_LOC_STRINGS = NO;
				SWIFT_VERSION = 5.0;
				TARGETED_DEVICE_FAMILY = "1,2";
				TEST_TARGET_NAME = Hunter;
			};
			name = Debug;
		};
		D21264E12A02B57900B1D078 /* Release */ = {
			isa = XCBuildConfiguration;
			buildSettings = {
				ALWAYS_EMBED_SWIFT_STANDARD_LIBRARIES = YES;
				CODE_SIGN_STYLE = Automatic;
				CURRENT_PROJECT_VERSION = 1;
				DEVELOPMENT_TEAM = 5MG7KSFU5Y;
				GENERATE_INFOPLIST_FILE = YES;
				MARKETING_VERSION = 1.0;
				PRODUCT_BUNDLE_IDENTIFIER = com.codejsoftware.HunterUITests;
				PRODUCT_NAME = "$(TARGET_NAME)";
				SWIFT_EMIT_LOC_STRINGS = NO;
				SWIFT_VERSION = 5.0;
				TARGETED_DEVICE_FAMILY = "1,2";
				TEST_TARGET_NAME = Hunter;
			};
			name = Release;
		};
/* End XCBuildConfiguration section */

/* Begin XCConfigurationList section */
		D21264B02A02B57800B1D078 /* Build configuration list for PBXProject "Hunter" */ = {
			isa = XCConfigurationList;
			buildConfigurations = (
				D21264D72A02B57900B1D078 /* Debug */,
				D21264D82A02B57900B1D078 /* Release */,
			);
			defaultConfigurationIsVisible = 0;
			defaultConfigurationName = Release;
		};
		D21264D92A02B57900B1D078 /* Build configuration list for PBXNativeTarget "Hunter" */ = {
			isa = XCConfigurationList;
			buildConfigurations = (
				D21264DA2A02B57900B1D078 /* Debug */,
				D21264DB2A02B57900B1D078 /* Release */,
			);
			defaultConfigurationIsVisible = 0;
			defaultConfigurationName = Release;
		};
		D21264DC2A02B57900B1D078 /* Build configuration list for PBXNativeTarget "HunterTests" */ = {
			isa = XCConfigurationList;
			buildConfigurations = (
				D21264DD2A02B57900B1D078 /* Debug */,
				D21264DE2A02B57900B1D078 /* Release */,
			);
			defaultConfigurationIsVisible = 0;
			defaultConfigurationName = Release;
		};
		D21264DF2A02B57900B1D078 /* Build configuration list for PBXNativeTarget "HunterUITests" */ = {
			isa = XCConfigurationList;
			buildConfigurations = (
				D21264E02A02B57900B1D078 /* Debug */,
				D21264E12A02B57900B1D078 /* Release */,
			);
			defaultConfigurationIsVisible = 0;
			defaultConfigurationName = Release;
		};
/* End XCConfigurationList section */
	};
	rootObject = D21264AD2A02B57800B1D078 /* Project object */;
}
